
Microsoft Visual Studio Solution File, Format Version 12.00
# Visual Studio Version 17
VisualStudioVersion = 17.8.34511.84
MinimumVisualStudioVersion = 10.0.40219.1
Project("{9A19103F-16F7-4668-BE54-9A1E7A4F7556}") = "dotNETAdvanced", "dotNETAdvanced\dotNETAdvanced.csproj", "{C861BFFD-0A1A-4A9B-8826-C0C66F3CCF1F}"
EndProject
Project("{9A19103F-16F7-4668-BE54-9A1E7A4F7556}") = "EmployeeWebAPI", "EmployeeWebAPI\EmployeeWebAPI.csproj", "{BA95F0C0-2F31-4285-81A8-421112872963}"
EndProject
Project("{9A19103F-16F7-4668-BE54-9A1E7A4F7556}") = "BookApplication", "BookApplication\BookApplication.csproj", "{B4805866-B342-4E30-8A6C-A15219F4F18B}"
EndProject
Project("{9A19103F-16F7-4668-BE54-9A1E7A4F7556}") = "HelloWorldRazor", "HelloWorldRazor\HelloWorldRazor.csproj", "{3C6B3F4C-5F8D-4DC6-BEAB-ED51ED9989F7}"
EndProject
Project("{9A19103F-16F7-4668-BE54-9A1E7A4F7556}") = "RazorProjectCRUD", "RazorProjectCRUD\RazorProjectCRUD.csproj", "{D6A2E674-5BB7-4BBA-8E21-8D3CF9EB1010}"
EndProject
Project("{9A19103F-16F7-4668-BE54-9A1E7A4F7556}") = "securityauthdemo", "securityauthdemo\securityauthdemo.csproj", "{93A9BE07-AA1B-4041-BD90-76E966BF13E9}"
EndProject
Project("{9A19103F-16F7-4668-BE54-9A1E7A4F7556}") = "ShelfProducts", "ShelfProducts\ShelfProducts.csproj", "{63ECE1FD-920D-4536-B12B-0C6667875296}"
EndProject
Project("{9A19103F-16F7-4668-BE54-9A1E7A4F7556}") = "BookStore", "BookStore\BookStore.csproj", "{BAC4B707-130C-46EC-8959-42935609D162}"
EndProject
Project("{9A19103F-16F7-4668-BE54-9A1E7A4F7556}") = "practice", "practice\practice.csproj", "{9FF82DC1-B6CA-4306-89D3-34E3DFB68B9A}"
EndProject
Project("{9A19103F-16F7-4668-BE54-9A1E7A4F7556}") = "TokenBasedAuthentication", "Token\TokenBasedAuthentication.csproj", "{86B206DC-98EE-4E0C-BB52-30FA08AE03E9}"
EndProject
Project("{9A19103F-16F7-4668-BE54-9A1E7A4F7556}") = "MVCProject", "MVCProject\MVCProject.csproj", "{CC8D1BB1-9032-47E9-BD6B-CA3C30B6919C}"
EndProject
Project("{9A19103F-16F7-4668-BE54-9A1E7A4F7556}") = "assignment1", "assignment1\assignment1.csproj", "{F2FACC3E-A5BC-4E4C-ACB2-41816D5B951A}"
EndProject
Project("{9A19103F-16F7-4668-BE54-9A1E7A4F7556}") = "StateManagementProj", "StateManagementProj\StateManagementProj.csproj", "{EF44DDAF-9087-4759-9052-4D063CF8135B}"
EndProject
Project("{9A19103F-16F7-4668-BE54-9A1E7A4F7556}") = "EFCoreDBFirst", "EFCoreDBFirst\EFCoreDBFirst.csproj", "{E1EB8C97-EE02-43C5-9817-7D0574EC3CF7}"
EndProject
Project("{9A19103F-16F7-4668-BE54-9A1E7A4F7556}") = "EFCodeFirstCRUD", "EFCodeFirstCRUD\EFCodeFirstCRUD.csproj", "{9840D73E-E540-4364-9EB3-F7F613A58A29}"
EndProject
Project("{9A19103F-16F7-4668-BE54-9A1E7A4F7556}") = "practice2", "practice2\practice2.csproj", "{EDC8A36D-5E4E-4F85-98C9-EBE59A8D7B99}"
EndProject
Project("{9A19103F-16F7-4668-BE54-9A1E7A4F7556}") = "Assessment", "Assessment\Assessment.csproj", "{E575795A-73BD-4904-98E3-1BEFE5858C33}"
EndProject
Project("{FAE04EC0-301F-11D3-BF4B-00C04F79EFBC}") = "WindowsService1", "WindowsService1\WindowsService1.csproj", "{8BE5DCF4-58BB-47AF-A957-0535C76014F7}"
EndProject
Project("{9A19103F-16F7-4668-BE54-9A1E7A4F7556}") = "unitTesting", "unitTesting\unitTesting.csproj", "{86D7ACBD-02FF-4F60-B93C-BC2712E0280E}"
EndProject
Project("{9A19103F-16F7-4668-BE54-9A1E7A4F7556}") = "TestProject1", "TestProject1\TestProject1.csproj", "{E1DEDC54-7C3F-4BD3-A1D4-939A9CA3D45A}"
EndProject
Project("{9A19103F-16F7-4668-BE54-9A1E7A4F7556}") = "uniTesting2", "uniTesting2\uniTesting2.csproj", "{6B8C83E4-EA79-43DA-94E1-953DD0B3C615}"
EndProject
Project("{9A19103F-16F7-4668-BE54-9A1E7A4F7556}") = "shopping2", "shopping2\shopping2.csproj", "{E1FB6746-F2AA-442F-A1AB-81C31102F445}"
EndProject
Project("{9A19103F-16F7-4668-BE54-9A1E7A4F7556}") = "MVCApp1", "..\..\..\Downloads\MVCApp1\MVCApp1\MVCApp1\MVCApp1.csproj", "{D8A62C48-BCE2-44F8-B097-E85D7E08CED2}"
EndProject
Project("{9A19103F-16F7-4668-BE54-9A1E7A4F7556}") = "MVCApp2", "..\..\..\Downloads\MVCApp2\MVCApp2.csproj", "{A9B44333-7139-4618-9C21-6CA494501220}"
EndProject
Global
	GlobalSection(SolutionConfigurationPlatforms) = preSolution
		Debug|Any CPU = Debug|Any CPU
		Release|Any CPU = Release|Any CPU
	EndGlobalSection
	GlobalSection(ProjectConfigurationPlatforms) = postSolution
		{C861BFFD-0A1A-4A9B-8826-C0C66F3CCF1F}.Debug|Any CPU.ActiveCfg = Debug|Any CPU
		{C861BFFD-0A1A-4A9B-8826-C0C66F3CCF1F}.Debug|Any CPU.Build.0 = Debug|Any CPU
		{C861BFFD-0A1A-4A9B-8826-C0C66F3CCF1F}.Release|Any CPU.ActiveCfg = Release|Any CPU
		{C861BFFD-0A1A-4A9B-8826-C0C66F3CCF1F}.Release|Any CPU.Build.0 = Release|Any CPU
		{BA95F0C0-2F31-4285-81A8-421112872963}.Debug|Any CPU.ActiveCfg = Debug|Any CPU
		{BA95F0C0-2F31-4285-81A8-421112872963}.Debug|Any CPU.Build.0 = Debug|Any CPU
		{BA95F0C0-2F31-4285-81A8-421112872963}.Release|Any CPU.ActiveCfg = Release|Any CPU
		{BA95F0C0-2F31-4285-81A8-421112872963}.Release|Any CPU.Build.0 = Release|Any CPU
		{B4805866-B342-4E30-8A6C-A15219F4F18B}.Debug|Any CPU.ActiveCfg = Debug|Any CPU
		{B4805866-B342-4E30-8A6C-A15219F4F18B}.Debug|Any CPU.Build.0 = Debug|Any CPU
		{B4805866-B342-4E30-8A6C-A15219F4F18B}.Release|Any CPU.ActiveCfg = Release|Any CPU
		{B4805866-B342-4E30-8A6C-A15219F4F18B}.Release|Any CPU.Build.0 = Release|Any CPU
		{3C6B3F4C-5F8D-4DC6-BEAB-ED51ED9989F7}.Debug|Any CPU.ActiveCfg = Debug|Any CPU
		{3C6B3F4C-5F8D-4DC6-BEAB-ED51ED9989F7}.Debug|Any CPU.Build.0 = Debug|Any CPU
		{3C6B3F4C-5F8D-4DC6-BEAB-ED51ED9989F7}.Release|Any CPU.ActiveCfg = Release|Any CPU
		{3C6B3F4C-5F8D-4DC6-BEAB-ED51ED9989F7}.Release|Any CPU.Build.0 = Release|Any CPU
		{D6A2E674-5BB7-4BBA-8E21-8D3CF9EB1010}.Debug|Any CPU.ActiveCfg = Debug|Any CPU
		{D6A2E674-5BB7-4BBA-8E21-8D3CF9EB1010}.Debug|Any CPU.Build.0 = Debug|Any CPU
		{D6A2E674-5BB7-4BBA-8E21-8D3CF9EB1010}.Release|Any CPU.ActiveCfg = Release|Any CPU
		{D6A2E674-5BB7-4BBA-8E21-8D3CF9EB1010}.Release|Any CPU.Build.0 = Release|Any CPU
		{93A9BE07-AA1B-4041-BD90-76E966BF13E9}.Debug|Any CPU.ActiveCfg = Debug|Any CPU
		{93A9BE07-AA1B-4041-BD90-76E966BF13E9}.Debug|Any CPU.Build.0 = Debug|Any CPU
		{93A9BE07-AA1B-4041-BD90-76E966BF13E9}.Release|Any CPU.ActiveCfg = Release|Any CPU
		{93A9BE07-AA1B-4041-BD90-76E966BF13E9}.Release|Any CPU.Build.0 = Release|Any CPU
		{63ECE1FD-920D-4536-B12B-0C6667875296}.Debug|Any CPU.ActiveCfg = Debug|Any CPU
		{63ECE1FD-920D-4536-B12B-0C6667875296}.Debug|Any CPU.Build.0 = Debug|Any CPU
		{63ECE1FD-920D-4536-B12B-0C6667875296}.Release|Any CPU.ActiveCfg = Release|Any CPU
		{63ECE1FD-920D-4536-B12B-0C6667875296}.Release|Any CPU.Build.0 = Release|Any CPU
		{BAC4B707-130C-46EC-8959-42935609D162}.Debug|Any CPU.ActiveCfg = Debug|Any CPU
		{BAC4B707-130C-46EC-8959-42935609D162}.Debug|Any CPU.Build.0 = Debug|Any CPU
		{BAC4B707-130C-46EC-8959-42935609D162}.Release|Any CPU.ActiveCfg = Release|Any CPU
		{BAC4B707-130C-46EC-8959-42935609D162}.Release|Any CPU.Build.0 = Release|Any CPU
		{9FF82DC1-B6CA-4306-89D3-34E3DFB68B9A}.Debug|Any CPU.ActiveCfg = Debug|Any CPU
		{9FF82DC1-B6CA-4306-89D3-34E3DFB68B9A}.Debug|Any CPU.Build.0 = Debug|Any CPU
		{9FF82DC1-B6CA-4306-89D3-34E3DFB68B9A}.Release|Any CPU.ActiveCfg = Release|Any CPU
		{9FF82DC1-B6CA-4306-89D3-34E3DFB68B9A}.Release|Any CPU.Build.0 = Release|Any CPU
		{86B206DC-98EE-4E0C-BB52-30FA08AE03E9}.Debug|Any CPU.ActiveCfg = Debug|Any CPU
		{86B206DC-98EE-4E0C-BB52-30FA08AE03E9}.Debug|Any CPU.Build.0 = Debug|Any CPU
		{86B206DC-98EE-4E0C-BB52-30FA08AE03E9}.Release|Any CPU.ActiveCfg = Release|Any CPU
		{86B206DC-98EE-4E0C-BB52-30FA08AE03E9}.Release|Any CPU.Build.0 = Release|Any CPU
		{CC8D1BB1-9032-47E9-BD6B-CA3C30B6919C}.Debug|Any CPU.ActiveCfg = Debug|Any CPU
		{CC8D1BB1-9032-47E9-BD6B-CA3C30B6919C}.Debug|Any CPU.Build.0 = Debug|Any CPU
		{CC8D1BB1-9032-47E9-BD6B-CA3C30B6919C}.Release|Any CPU.ActiveCfg = Release|Any CPU
		{CC8D1BB1-9032-47E9-BD6B-CA3C30B6919C}.Release|Any CPU.Build.0 = Release|Any CPU
		{F2FACC3E-A5BC-4E4C-ACB2-41816D5B951A}.Debug|Any CPU.ActiveCfg = Debug|Any CPU
		{F2FACC3E-A5BC-4E4C-ACB2-41816D5B951A}.Debug|Any CPU.Build.0 = Debug|Any CPU
		{F2FACC3E-A5BC-4E4C-ACB2-41816D5B951A}.Release|Any CPU.ActiveCfg = Release|Any CPU
		{F2FACC3E-A5BC-4E4C-ACB2-41816D5B951A}.Release|Any CPU.Build.0 = Release|Any CPU
		{EF44DDAF-9087-4759-9052-4D063CF8135B}.Debug|Any CPU.ActiveCfg = Debug|Any CPU
		{EF44DDAF-9087-4759-9052-4D063CF8135B}.Debug|Any CPU.Build.0 = Debug|Any CPU
		{EF44DDAF-9087-4759-9052-4D063CF8135B}.Release|Any CPU.ActiveCfg = Release|Any CPU
		{EF44DDAF-9087-4759-9052-4D063CF8135B}.Release|Any CPU.Build.0 = Release|Any CPU
		{E1EB8C97-EE02-43C5-9817-7D0574EC3CF7}.Debug|Any CPU.ActiveCfg = Debug|Any CPU
		{E1EB8C97-EE02-43C5-9817-7D0574EC3CF7}.Debug|Any CPU.Build.0 = Debug|Any CPU
		{E1EB8C97-EE02-43C5-9817-7D0574EC3CF7}.Release|Any CPU.ActiveCfg = Release|Any CPU
		{E1EB8C97-EE02-43C5-9817-7D0574EC3CF7}.Release|Any CPU.Build.0 = Release|Any CPU
		{9840D73E-E540-4364-9EB3-F7F613A58A29}.Debug|Any CPU.ActiveCfg = Debug|Any CPU
		{9840D73E-E540-4364-9EB3-F7F613A58A29}.Debug|Any CPU.Build.0 = Debug|Any CPU
		{9840D73E-E540-4364-9EB3-F7F613A58A29}.Release|Any CPU.ActiveCfg = Release|Any CPU
		{9840D73E-E540-4364-9EB3-F7F613A58A29}.Release|Any CPU.Build.0 = Release|Any CPU
		{EDC8A36D-5E4E-4F85-98C9-EBE59A8D7B99}.Debug|Any CPU.ActiveCfg = Debug|Any CPU
		{EDC8A36D-5E4E-4F85-98C9-EBE59A8D7B99}.Debug|Any CPU.Build.0 = Debug|Any CPU
		{EDC8A36D-5E4E-4F85-98C9-EBE59A8D7B99}.Release|Any CPU.ActiveCfg = Release|Any CPU
		{EDC8A36D-5E4E-4F85-98C9-EBE59A8D7B99}.Release|Any CPU.Build.0 = Release|Any CPU
		{E575795A-73BD-4904-98E3-1BEFE5858C33}.Debug|Any CPU.ActiveCfg = Debug|Any CPU
		{E575795A-73BD-4904-98E3-1BEFE5858C33}.Debug|Any CPU.Build.0 = Debug|Any CPU
		{E575795A-73BD-4904-98E3-1BEFE5858C33}.Release|Any CPU.ActiveCfg = Release|Any CPU
		{E575795A-73BD-4904-98E3-1BEFE5858C33}.Release|Any CPU.Build.0 = Release|Any CPU
		{8BE5DCF4-58BB-47AF-A957-0535C76014F7}.Debug|Any CPU.ActiveCfg = Debug|Any CPU
		{8BE5DCF4-58BB-47AF-A957-0535C76014F7}.Debug|Any CPU.Build.0 = Debug|Any CPU
		{8BE5DCF4-58BB-47AF-A957-0535C76014F7}.Release|Any CPU.ActiveCfg = Release|Any CPU
		{8BE5DCF4-58BB-47AF-A957-0535C76014F7}.Release|Any CPU.Build.0 = Release|Any CPU
		{86D7ACBD-02FF-4F60-B93C-BC2712E0280E}.Debug|Any CPU.ActiveCfg = Debug|Any CPU
		{86D7ACBD-02FF-4F60-B93C-BC2712E0280E}.Debug|Any CPU.Build.0 = Debug|Any CPU
		{86D7ACBD-02FF-4F60-B93C-BC2712E0280E}.Release|Any CPU.ActiveCfg = Release|Any CPU
		{86D7ACBD-02FF-4F60-B93C-BC2712E0280E}.Release|Any CPU.Build.0 = Release|Any CPU
		{E1DEDC54-7C3F-4BD3-A1D4-939A9CA3D45A}.Debug|Any CPU.ActiveCfg = Debug|Any CPU
		{E1DEDC54-7C3F-4BD3-A1D4-939A9CA3D45A}.Debug|Any CPU.Build.0 = Debug|Any CPU
		{E1DEDC54-7C3F-4BD3-A1D4-939A9CA3D45A}.Release|Any CPU.ActiveCfg = Release|Any CPU
		{E1DEDC54-7C3F-4BD3-A1D4-939A9CA3D45A}.Release|Any CPU.Build.0 = Release|Any CPU
		{6B8C83E4-EA79-43DA-94E1-953DD0B3C615}.Debug|Any CPU.ActiveCfg = Debug|Any CPU
		{6B8C83E4-EA79-43DA-94E1-953DD0B3C615}.Debug|Any CPU.Build.0 = Debug|Any CPU
		{6B8C83E4-EA79-43DA-94E1-953DD0B3C615}.Release|Any CPU.ActiveCfg = Release|Any CPU
		{6B8C83E4-EA79-43DA-94E1-953DD0B3C615}.Release|Any CPU.Build.0 = Release|Any CPU
		{E1FB6746-F2AA-442F-A1AB-81C31102F445}.Debug|Any CPU.ActiveCfg = Debug|Any CPU
		{E1FB6746-F2AA-442F-A1AB-81C31102F445}.Debug|Any CPU.Build.0 = Debug|Any CPU
		{E1FB6746-F2AA-442F-A1AB-81C31102F445}.Release|Any CPU.ActiveCfg = Release|Any CPU
		{E1FB6746-F2AA-442F-A1AB-81C31102F445}.Release|Any CPU.Build.0 = Release|Any CPU
		{D8A62C48-BCE2-44F8-B097-E85D7E08CED2}.Debug|Any CPU.ActiveCfg = Debug|Any CPU
		{D8A62C48-BCE2-44F8-B097-E85D7E08CED2}.Debug|Any CPU.Build.0 = Debug|Any CPU
		{D8A62C48-BCE2-44F8-B097-E85D7E08CED2}.Release|Any CPU.ActiveCfg = Release|Any CPU
		{D8A62C48-BCE2-44F8-B097-E85D7E08CED2}.Release|Any CPU.Build.0 = Release|Any CPU
		{A9B44333-7139-4618-9C21-6CA494501220}.Debug|Any CPU.ActiveCfg = Debug|Any CPU
		{A9B44333-7139-4618-9C21-6CA494501220}.Debug|Any CPU.Build.0 = Debug|Any CPU
		{A9B44333-7139-4618-9C21-6CA494501220}.Release|Any CPU.ActiveCfg = Release|Any CPU
		{A9B44333-7139-4618-9C21-6CA494501220}.Release|Any CPU.Build.0 = Release|Any CPU
	EndGlobalSection
	GlobalSection(SolutionProperties) = preSolution
		HideSolutionNode = FALSE
	EndGlobalSection
	GlobalSection(ExtensibilityGlobals) = postSolution
		SolutionGuid = {61C31464-29A4-42D1-B314-FCAAFC25DB46}
	EndGlobalSection
EndGlobal
